
Microsoft Visual Studio Solution File, Format Version 12.00
# Visual Studio Version 16
VisualStudioVersion = 16.0.28803.202
MinimumVisualStudioVersion = 10.0.40219.1
Project("{FAE04EC0-301F-11D3-BF4B-00C04F79EFBC}") = "TestAutomation-.NetCore2", "TestAutomation-.NetCore2\TestAutomation-.NetCore2.csproj", "{954AE93E-B30A-4852-AE59-A42A8F80F74F}"
EndProject
Global
	GlobalSection(SolutionConfigurationPlatforms) = preSolution
		Debug|Any CPU = Debug|Any CPU
		Release|Any CPU = Release|Any CPU
	EndGlobalSection
	GlobalSection(ProjectConfigurationPlatforms) = postSolution
		{954AE93E-B30A-4852-AE59-A42A8F80F74F}.Debug|Any CPU.ActiveCfg = Debug|Any CPU
		{954AE93E-B30A-4852-AE59-A42A8F80F74F}.Debug|Any CPU.Build.0 = Debug|Any CPU
		{954AE93E-B30A-4852-AE59-A42A8F80F74F}.Release|Any CPU.ActiveCfg = Release|Any CPU
		{954AE93E-B30A-4852-AE59-A42A8F80F74F}.Release|Any CPU.Build.0 = Release|Any CPU
	EndGlobalSection
	GlobalSection(SolutionProperties) = preSolution
		HideSolutionNode = FALSE
	EndGlobalSection
	GlobalSection(ExtensibilityGlobals) = postSolution
		SolutionGuid = {D6897E7E-2B76-4C0F-8927-21BCEB7D850D}
	EndGlobalSection
EndGlobal
